
Microsoft Visual Studio Solution File, Format Version 12.00
# Visual Studio 15
VisualStudioVersion = 15.0.28307.705
MinimumVisualStudioVersion = 10.0.40219.1
Project("{FAE04EC0-301F-11D3-BF4B-00C04F79EFBC}") = "Loupe.Proxy.WebAPI", "Loupe.Proxy.WebAPI\Loupe.Proxy.WebAPI.csproj", "{840776E8-25D3-4D9A-AE4B-071BE0DF9202}"
EndProject
Project("{FAE04EC0-301F-11D3-BF4B-00C04F79EFBC}") = "Loupe.Proxy.Demo", "Loupe.Proxy.Demo\Loupe.Proxy.Demo.csproj", "{8DEBF603-90D7-477A-8994-FD22D002F47C}"
EndProject
Global
	GlobalSection(SolutionConfigurationPlatforms) = preSolution
		Debug|Any CPU = Debug|Any CPU
		Release|Any CPU = Release|Any CPU
	EndGlobalSection
	GlobalSection(ProjectConfigurationPlatforms) = postSolution
		{840776E8-25D3-4D9A-AE4B-071BE0DF9202}.Debug|Any CPU.ActiveCfg = Debug|Any CPU
		{840776E8-25D3-4D9A-AE4B-071BE0DF9202}.Debug|Any CPU.Build.0 = Debug|Any CPU
		{840776E8-25D3-4D9A-AE4B-071BE0DF9202}.Release|Any CPU.ActiveCfg = Release|Any CPU
		{840776E8-25D3-4D9A-AE4B-071BE0DF9202}.Release|Any CPU.Build.0 = Release|Any CPU
		{8DEBF603-90D7-477A-8994-FD22D002F47C}.Debug|Any CPU.ActiveCfg = Debug|Any CPU
		{8DEBF603-90D7-477A-8994-FD22D002F47C}.Debug|Any CPU.Build.0 = Debug|Any CPU
		{8DEBF603-90D7-477A-8994-FD22D002F47C}.Release|Any CPU.ActiveCfg = Release|Any CPU
		{8DEBF603-90D7-477A-8994-FD22D002F47C}.Release|Any CPU.Build.0 = Release|Any CPU
	EndGlobalSection
	GlobalSection(SolutionProperties) = preSolution
		HideSolutionNode = FALSE
	EndGlobalSection
	GlobalSection(ExtensibilityGlobals) = postSolution
		SolutionGuid = {2062CB26-5376-4F33-AB8C-2ED396383223}
	EndGlobalSection
EndGlobal
